
Microsoft Visual Studio Solution File, Format Version 12.00
# Visual Studio Version 17
VisualStudioVersion = 17.7.34031.279
MinimumVisualStudioVersion = 10.0.40219.1
Project("{FAE04EC0-301F-11D3-BF4B-00C04F79EFBC}") = "GeoSearchApi", "GeoSearchApi.csproj", "{AA84B931-3A1B-4D5A-85F3-2B0E6AA5BA00}"
EndProject
Global
	GlobalSection(SolutionConfigurationPlatforms) = preSolution
		Debug|Any CPU = Debug|Any CPU
		Release|Any CPU = Release|Any CPU
	EndGlobalSection
	GlobalSection(ProjectConfigurationPlatforms) = postSolution
		{AA84B931-3A1B-4D5A-85F3-2B0E6AA5BA00}.Debug|Any CPU.ActiveCfg = Debug|Any CPU
		{AA84B931-3A1B-4D5A-85F3-2B0E6AA5BA00}.Debug|Any CPU.Build.0 = Debug|Any CPU
		{AA84B931-3A1B-4D5A-85F3-2B0E6AA5BA00}.Release|Any CPU.ActiveCfg = Release|Any CPU
		{AA84B931-3A1B-4D5A-85F3-2B0E6AA5BA00}.Release|Any CPU.Build.0 = Release|Any CPU
	EndGlobalSection
	GlobalSection(SolutionProperties) = preSolution
		HideSolutionNode = FALSE
	EndGlobalSection
	GlobalSection(ExtensibilityGlobals) = postSolution
		SolutionGuid = {C5A83B8F-127F-459E-B44B-747ED1E352AF}
	EndGlobalSection
EndGlobal
